
Microsoft Visual Studio Solution File, Format Version 12.00
Project("{F2A71F9B-5D33-465A-A702-920D77279786}") = "MiniSuave", "MiniSuave.fsproj", "{440BDB46-1CEF-447F-87E4-B0F8C5E2DEDA}"
EndProject
Global
	GlobalSection(SolutionConfigurationPlatforms) = preSolution
		Debug|Any CPU = Debug|Any CPU
		Release|Any CPU = Release|Any CPU
	EndGlobalSection
	GlobalSection(ProjectConfigurationPlatforms) = postSolution
		{440BDB46-1CEF-447F-87E4-B0F8C5E2DEDA}.Debug|Any CPU.ActiveCfg = Debug|Any CPU
		{440BDB46-1CEF-447F-87E4-B0F8C5E2DEDA}.Debug|Any CPU.Build.0 = Debug|Any CPU
		{440BDB46-1CEF-447F-87E4-B0F8C5E2DEDA}.Release|Any CPU.ActiveCfg = Release|Any CPU
		{440BDB46-1CEF-447F-87E4-B0F8C5E2DEDA}.Release|Any CPU.Build.0 = Release|Any CPU
	EndGlobalSection
EndGlobal
